<?xml version="1.0" encoding="utf-8"?>
<Project ToolsVersion="4.0" xmlns="http://schemas.microsoft.com/developer/msbuild/2003">
  <ItemGroup>
    <Filter Include="External">
      <UniqueIdentifier>{67DA6AB6-F800-4c08-8B7A-83BB121AAD01}</UniqueIdentifier>
      <Extensions>rc;ico;cur;bmp;dlg;rc2;rct;bin;rgs;gif;jpg;jpeg;jpe;resx;tiff;tif;png;wav;mfcribbon-ms</Extensions>
    </Filter>
    <Filter Include="Source">
      <UniqueIdentifier>{4FC737F1-C7A5-4376-A066-2A32D752A2FF}</UniqueIdentifier>
      <Extensions>cpp;c;cc;cxx;def;odl;idl;hpj;bat;asm;asmx</Extensions>
    </Filter>
    <Filter Include="External\imgui-docking">
      <UniqueIdentifier>{c85446c9-90d2-4441-add5-5aac511d95ce}</UniqueIdentifier>
    </Filter>
    <Filter Include="Shader">
      <UniqueIdentifier>{9f64f4ff-d9e0-43d7-88e1-13e6d3656a89}</UniqueIdentifier>
      <Extensions>hlsl;hlsli</Extensions>
    </Filter>
    <Filter Include="Source\Graphics">
      <UniqueIdentifier>{705f0986-e99a-47be-abc7-ffd7a9e2b389}</UniqueIdentifier>
    </Filter>
    <Filter Include="Source\Camera">
      <UniqueIdentifier>{b8ec91dc-b6fd-45df-ab48-54374edaae58}</UniqueIdentifier>
    </Filter>
    <Filter Include="Source\system">
      <UniqueIdentifier>{3eac347c-a4fd-44cc-86da-32e803e0be50}</UniqueIdentifier>
    </Filter>
    <Filter Include="Source\scene">
      <UniqueIdentifier>{88d7cb1f-43ac-4a67-8e50-71f45ac07896}</UniqueIdentifier>
    </Filter>
    <Filter Include="Source\Input">
      <UniqueIdentifier>{b7ff34d2-1353-4347-ad1d-5dc055077797}</UniqueIdentifier>
    </Filter>
    <Filter Include="Source\Object">
      <UniqueIdentifier>{3d96fa68-5f43-4964-bc07-414c8738e973}</UniqueIdentifier>
    </Filter>
    <Filter Include="Source\Shader">
      <UniqueIdentifier>{98520be2-18c1-4481-82f1-33759d7bf065}</UniqueIdentifier>
    </Filter>
    <Filter Include="Source\Effect">
      <UniqueIdentifier>{9d07265a-e587-451a-8208-221a8766799a}</UniqueIdentifier>
    </Filter>
    <Filter Include="Shader\2D">
      <UniqueIdentifier>{0fcc07b1-aa29-424a-a132-de8afbc99690}</UniqueIdentifier>
    </Filter>
    <Filter Include="Shader\2D\UVScroll">
      <UniqueIdentifier>{bfd74416-f45e-4e91-87dc-2cc5574522c1}</UniqueIdentifier>
    </Filter>
    <Filter Include="Shader\3D">
      <UniqueIdentifier>{a4220758-1c31-4e54-add8-bbeb759ef886}</UniqueIdentifier>
    </Filter>
    <Filter Include="Shader\2D\Skybox">
      <UniqueIdentifier>{e60585f1-875f-4f34-ae01-466b97e1a34b}</UniqueIdentifier>
    </Filter>
    <Filter Include="Shader\3D\Phong">
      <UniqueIdentifier>{c66d871b-478a-46ca-8b23-c7a7febc60aa}</UniqueIdentifier>
    </Filter>
    <Filter Include="Shader\3D\Gizmos">
      <UniqueIdentifier>{6d66e25f-8430-4cc7-bd21-98305d1f7c56}</UniqueIdentifier>
    </Filter>
    <Filter Include="Shader\2D\PrimitiveRenderer">
      <UniqueIdentifier>{8f1b9c42-702e-4f0e-872c-3e414c5e657e}</UniqueIdentifier>
    </Filter>
    <Filter Include="Shader\3D\Toon">
      <UniqueIdentifier>{b42ef368-74cd-40bd-a24f-a68706b3e028}</UniqueIdentifier>
    </Filter>
    <Filter Include="Shader\3D\ShadowMap">
      <UniqueIdentifier>{5a452d20-79fd-4745-b0cd-1bf263dfcf32}</UniqueIdentifier>
    </Filter>
    <Filter Include="Shader\2D\Sprite">
      <UniqueIdentifier>{d9391b97-afa6-42d5-be5c-dc05a867548c}</UniqueIdentifier>
    </Filter>
    <Filter Include="Shader\3D\WaterSurface">
      <UniqueIdentifier>{5abf6e6c-b3be-4bda-bd07-f17efbea794f}</UniqueIdentifier>
    </Filter>
    <Filter Include="Source\Object\Character">
      <UniqueIdentifier>{46a36559-5766-462b-8455-5f050d849460}</UniqueIdentifier>
    </Filter>
    <Filter Include="Shader\2D\PostEffect">
      <UniqueIdentifier>{58002e0b-023b-45d3-83de-ccf2c2efc409}</UniqueIdentifier>
    </Filter>
    <Filter Include="Source\Object\Light">
      <UniqueIdentifier>{e36bc4c1-97aa-49f0-8998-b2c305e55287}</UniqueIdentifier>
    </Filter>
    <Filter Include="Source\const/define">
      <UniqueIdentifier>{eed8e433-08e6-44d7-b283-d50f8a16c7ab}</UniqueIdentifier>
    </Filter>
    <Filter Include="Source\Object\Character\Core">
      <UniqueIdentifier>{e4b4cec7-89ff-469c-a0d9-86eb06b09073}</UniqueIdentifier>
    </Filter>
    <Filter Include="Source\Object\Character\Manager">
      <UniqueIdentifier>{10cc208d-6da8-44fa-a287-12bb42ca5582}</UniqueIdentifier>
    </Filter>
    <Filter Include="Source\Object\Character\State">
      <UniqueIdentifier>{a61bf687-d9c0-4d9d-9551-1ffa718ab88c}</UniqueIdentifier>
    </Filter>
    <Filter Include="Source\Object\Character\State\Player">
      <UniqueIdentifier>{4e6e4bea-8209-457d-910b-a68cf2ac3eef}</UniqueIdentifier>
    </Filter>
    <Filter Include="Source\Object\Character\Player">
      <UniqueIdentifier>{dedd3713-e104-4b86-af65-3322d0fb5449}</UniqueIdentifier>
    </Filter>
    <Filter Include="Source\Object\Character\Enemy">
      <UniqueIdentifier>{3619d6f2-048d-4661-b287-84acea2601f6}</UniqueIdentifier>
    </Filter>
  </ItemGroup>
  <ItemGroup>
    <ClInclude Include="Source\Framework.h">
      <Filter>Source</Filter>
    </ClInclude>
    <ClInclude Include="External\imgui-docking\imconfig.h">
      <Filter>External\imgui-docking</Filter>
    </ClInclude>
    <ClInclude Include="External\imgui-docking\imgui.h">
      <Filter>External\imgui-docking</Filter>
    </ClInclude>
    <ClInclude Include="External\imgui-docking\imgui_impl_dx11.h">
      <Filter>External\imgui-docking</Filter>
    </ClInclude>
    <ClInclude Include="External\imgui-docking\imgui_impl_win32.h">
      <Filter>External\imgui-docking</Filter>
    </ClInclude>
    <ClInclude Include="External\imgui-docking\imgui_internal.h">
      <Filter>External\imgui-docking</Filter>
    </ClInclude>
    <ClInclude Include="External\imgui-docking\imstb_rectpack.h">
      <Filter>External\imgui-docking</Filter>
    </ClInclude>
    <ClInclude Include="External\imgui-docking\imstb_textedit.h">
      <Filter>External\imgui-docking</Filter>
    </ClInclude>
    <ClInclude Include="External\imgui-docking\imstb_truetype.h">
      <Filter>External\imgui-docking</Filter>
    </ClInclude>
    <ClInclude Include="Source\TransformUtils.h">
      <Filter>Source</Filter>
    </ClInclude>
    <ClInclude Include="Source\PostEffect.h">
      <Filter>Source</Filter>
    </ClInclude>
    <ClInclude Include="Source\Graphics\Model.h">
      <Filter>Source\Graphics</Filter>
    </ClInclude>
    <ClInclude Include="Source\Graphics\GpuResourceUtils.h">
      <Filter>Source\Graphics</Filter>
    </ClInclude>
    <ClInclude Include="Source\Graphics\Sprite.h">
      <Filter>Source\Graphics</Filter>
    </ClInclude>
    <ClInclude Include="Source\Graphics\Graphics.h">
      <Filter>Source\Graphics</Filter>
    </ClInclude>
    <ClInclude Include="Source\Camera\Camera.h">
      <Filter>Source\Camera</Filter>
    </ClInclude>
    <ClInclude Include="Source\Camera\FreeCameraController.h">
      <Filter>Source\Camera</Filter>
    </ClInclude>
    <ClInclude Include="Source\Graphics\ImGuiRenderer.h">
      <Filter>Source\Graphics</Filter>
    </ClInclude>
    <ClInclude Include="Source\HighResolutionTimer.h">
      <Filter>Source\system</Filter>
    </ClInclude>
    <ClInclude Include="Source\Misc.h">
      <Filter>Source\system</Filter>
    </ClInclude>
    <ClInclude Include="Source\Scene.h">
      <Filter>Source\scene</Filter>
    </ClInclude>
    <ClInclude Include="Source\Graphics\AssimpImporter.h">
      <Filter>Source\Graphics</Filter>
    </ClInclude>
    <ClInclude Include="Source\Graphics\Gizmos.h">
      <Filter>Source\Graphics</Filter>
    </ClInclude>
    <ClInclude Include="Source\Graphics\FrameBuffer.h">
      <Filter>Source\Graphics</Filter>
    </ClInclude>
    <ClInclude Include="Source\Graphics\RenderContext.h">
      <Filter>Source\Graphics</Filter>
    </ClInclude>
    <ClInclude Include="Source\Graphics\RenderState.h">
      <Filter>Source\Graphics</Filter>
    </ClInclude>
    <ClInclude Include="Source\Input\GamePad.h">
      <Filter>Source\Input</Filter>
    </ClInclude>
    <ClInclude Include="Source\Input\Input.h">
      <Filter>Source\Input</Filter>
    </ClInclude>
    <ClInclude Include="Source\Input\Mouse.h">
      <Filter>Source\Input</Filter>
    </ClInclude>
    <ClInclude Include="Source\Camera\CameraController.h">
      <Filter>Source\Camera</Filter>
    </ClInclude>
    <ClInclude Include="Source\Stage.h">
      <Filter>Source\Object</Filter>
    </ClInclude>
    <ClInclude Include="Source\Shader\PhongShader.h">
      <Filter>Source\Shader</Filter>
    </ClInclude>
    <ClInclude Include="Source\SceneTitle.h">
      <Filter>Source\scene</Filter>
    </ClInclude>
    <ClInclude Include="Source\SceneManager.h">
      <Filter>Source\scene</Filter>
    </ClInclude>
    <ClInclude Include="Source\SceneGame.h">
      <Filter>Source\scene</Filter>
    </ClInclude>
    <ClInclude Include="Source\SceneLoading.h">
      <Filter>Source\scene</Filter>
    </ClInclude>
    <ClInclude Include="Source\EffectManager.h">
      <Filter>Source\Effect</Filter>
    </ClInclude>
    <ClInclude Include="Source\Effect.h">
      <Filter>Source\Effect</Filter>
    </ClInclude>
    <ClInclude Include="Source\Collision.h">
      <Filter>Source</Filter>
    </ClInclude>
    <ClInclude Include="Source\SceneClear.h">
      <Filter>Source\scene</Filter>
    </ClInclude>
    <ClInclude Include="Source\Graphics\FontSprite.h">
      <Filter>Source\Graphics</Filter>
    </ClInclude>
    <ClInclude Include="Source\Shader\ToonShader.h">
      <Filter>Source\Shader</Filter>
    </ClInclude>
    <ClInclude Include="Source\Shader\Shader.h">
      <Filter>Source\Shader</Filter>
    </ClInclude>
    <ClInclude Include="Source\Shader\UVScrollShader.h">
      <Filter>Source\Shader</Filter>
    </ClInclude>
    <ClInclude Include="Source\Graphics\PrimitiveRenderer.h">
      <Filter>Source\Graphics</Filter>
    </ClInclude>
    <ClInclude Include="Source\Shader\Skybox.h">
      <Filter>Source\Shader</Filter>
    </ClInclude>
    <ClInclude Include="Source\Shader\WaterSurfaceShader.h">
      <Filter>Source\Shader</Filter>
    </ClInclude>
    <ClInclude Include="Source\Shader\ShadowMap.h">
      <Filter>Source\Shader</Filter>
    </ClInclude>
    <ClInclude Include="Source\MathScript.h">
      <Filter>Source\system</Filter>
    </ClInclude>
    <ClInclude Include="Source\Light\Light.h">
      <Filter>Source\Object\Light</Filter>
    </ClInclude>
    <ClInclude Include="Source\Light\LightManager.h">
      <Filter>Source\Object\Light</Filter>
    </ClInclude>
    <ClInclude Include="Source\AnimationTimeStruct.h">
      <Filter>Source\system</Filter>
    </ClInclude>
    <ClInclude Include="Source\Constant\EnemyConst.h">
      <Filter>Source\const/define</Filter>
    </ClInclude>
    <ClInclude Include="Source\Constant\PlayerConst.h">
      <Filter>Source\const/define</Filter>
    </ClInclude>
    <ClInclude Include="Source\Constant\UIConst.h">
      <Filter>Source\const/define</Filter>
    </ClInclude>
    <ClInclude Include="Source\Constant\UtilsDefineConst.h">
      <Filter>Source\const/define</Filter>
    </ClInclude>
    <ClInclude Include="Source\Character\Manager\PlayerManager.h">
      <Filter>Source\Object\Character\Manager</Filter>
    </ClInclude>
    <ClInclude Include="Source\Character\Manager\EnemyManager.h">
      <Filter>Source\Object\Character\Manager</Filter>
    </ClInclude>
    <ClInclude Include="Source\Character\Core\Character.h">
      <Filter>Source\Object\Character\Core</Filter>
    </ClInclude>
    <ClInclude Include="Source\Character\Core\Enemy.h">
      <Filter>Source\Object\Character\Core</Filter>
    </ClInclude>
    <ClInclude Include="Source\Character\Core\Player.h">
      <Filter>Source\Object\Character\Core</Filter>
    </ClInclude>
    <ClInclude Include="Source\Character\State\Player\PlayerEachState.h">
      <Filter>Source\Object\Character\State\Player</Filter>
    </ClInclude>
    <ClInclude Include="Source\Character\State\Player\PlayerStateBase.h">
      <Filter>Source\Object\Character\State\Player</Filter>
    </ClInclude>
    <ClInclude Include="Source\Character\State\Player\PlayerStateMachine.h">
      <Filter>Source\Object\Character\State\Player</Filter>
    </ClInclude>
    <ClInclude Include="Source\Character\EnemyDragon.h">
      <Filter>Source\Object\Character\Enemy</Filter>
    </ClInclude>
    <ClInclude Include="Source\Character\EnemySlime.h">
      <Filter>Source\Object\Character\Enemy</Filter>
    </ClInclude>
    <ClInclude Include="Source\Character\EnemyTurtleShell.h">
      <Filter>Source\Object\Character\Enemy</Filter>
    </ClInclude>
    <ClInclude Include="Source\Character\Player1P.h">
      <Filter>Source\Object\Character\Player</Filter>
    </ClInclude>
    <ClInclude Include="Source\Character\PlayerAI.h">
      <Filter>Source\Object\Character\Player</Filter>
    </ClInclude>
    <ClInclude Include="Source\Character\Core\EnemyBoss.h">
      <Filter>Source\Object\Character\Core</Filter>
    </ClInclude>
    <ClInclude Include="Source\Character\Core\EnemyNormal.h">
      <Filter>Source\Object\Character\Core</Filter>
    </ClInclude>
  </ItemGroup>
  <ItemGroup>
    <ClCompile Include="Source\Framework.cpp">
      <Filter>Source</Filter>
    </ClCompile>
    <ClCompile Include="External\imgui-docking\imgui.cpp">
      <Filter>External\imgui-docking</Filter>
    </ClCompile>
    <ClCompile Include="External\imgui-docking\imgui_demo.cpp">
      <Filter>External\imgui-docking</Filter>
    </ClCompile>
    <ClCompile Include="External\imgui-docking\imgui_draw.cpp">
      <Filter>External\imgui-docking</Filter>
    </ClCompile>
    <ClCompile Include="External\imgui-docking\imgui_impl_dx11.cpp">
      <Filter>External\imgui-docking</Filter>
    </ClCompile>
    <ClCompile Include="External\imgui-docking\imgui_impl_win32.cpp">
      <Filter>External\imgui-docking</Filter>
    </ClCompile>
    <ClCompile Include="External\imgui-docking\imgui_widgets.cpp">
      <Filter>External\imgui-docking</Filter>
    </ClCompile>
    <ClCompile Include="Source\TransformUtils.cpp">
      <Filter>Source</Filter>
    </ClCompile>
    <ClCompile Include="Source\PostEffect.cpp">
      <Filter>Source</Filter>
    </ClCompile>
    <ClCompile Include="Source\Graphics\Model.cpp">
      <Filter>Source\Graphics</Filter>
    </ClCompile>
    <ClCompile Include="Source\Graphics\GpuResourceUtils.cpp">
      <Filter>Source\Graphics</Filter>
    </ClCompile>
    <ClCompile Include="Source\Graphics\Sprite.cpp">
      <Filter>Source\Graphics</Filter>
    </ClCompile>
    <ClCompile Include="Source\Graphics\Graphics.cpp">
      <Filter>Source\Graphics</Filter>
    </ClCompile>
    <ClCompile Include="Source\Camera\Camera.cpp">
      <Filter>Source\Camera</Filter>
    </ClCompile>
    <ClCompile Include="Source\Camera\FreeCameraController.cpp">
      <Filter>Source\Camera</Filter>
    </ClCompile>
    <ClCompile Include="Source\Graphics\ImGuiRenderer.cpp">
      <Filter>Source\Graphics</Filter>
    </ClCompile>
    <ClCompile Include="Source\Main.cpp">
      <Filter>Source\system</Filter>
    </ClCompile>
    <ClCompile Include="Source\Graphics\AssimpImporter.cpp">
      <Filter>Source\Graphics</Filter>
    </ClCompile>
    <ClCompile Include="Source\Graphics\Gizmos.cpp">
      <Filter>Source\Graphics</Filter>
    </ClCompile>
    <ClCompile Include="Source\Graphics\FrameBuffer.cpp">
      <Filter>Source\Graphics</Filter>
    </ClCompile>
    <ClCompile Include="Source\Graphics\RenderState.cpp">
      <Filter>Source\Graphics</Filter>
    </ClCompile>
    <ClCompile Include="Source\Input\GamePad.cpp">
      <Filter>Source\Input</Filter>
    </ClCompile>
    <ClCompile Include="Source\Input\Input.cpp">
      <Filter>Source\Input</Filter>
    </ClCompile>
    <ClCompile Include="Source\Input\Mouse.cpp">
      <Filter>Source\Input</Filter>
    </ClCompile>
    <ClCompile Include="Source\Camera\CameraController.cpp">
      <Filter>Source\Camera</Filter>
    </ClCompile>
    <ClCompile Include="Source\Stage.cpp">
      <Filter>Source\Object</Filter>
    </ClCompile>
    <ClCompile Include="Source\Shader\PhongShader.cpp">
      <Filter>Source\Shader</Filter>
    </ClCompile>
    <ClCompile Include="Source\SceneTitle.cpp">
      <Filter>Source\scene</Filter>
    </ClCompile>
    <ClCompile Include="Source\SceneManager.cpp">
      <Filter>Source\scene</Filter>
    </ClCompile>
    <ClCompile Include="Source\SceneGame.cpp">
      <Filter>Source\scene</Filter>
    </ClCompile>
    <ClCompile Include="Source\SceneLoading.cpp">
      <Filter>Source\scene</Filter>
    </ClCompile>
    <ClCompile Include="Source\EffectManager.cpp">
      <Filter>Source\Effect</Filter>
    </ClCompile>
    <ClCompile Include="Source\Effect.cpp">
      <Filter>Source\Effect</Filter>
    </ClCompile>
    <ClCompile Include="Source\Collision.cpp">
      <Filter>Source</Filter>
    </ClCompile>
    <ClCompile Include="Source\SceneClear.cpp">
      <Filter>Source\scene</Filter>
    </ClCompile>
    <ClCompile Include="Source\Graphics\FontSprite.cpp">
      <Filter>Source\Graphics</Filter>
    </ClCompile>
    <ClCompile Include="Source\Shader\ToonShader.cpp">
      <Filter>Source\Shader</Filter>
    </ClCompile>
    <ClCompile Include="Source\Shader\UVScrollShader.cpp">
      <Filter>Source\Shader</Filter>
    </ClCompile>
    <ClCompile Include="Source\Graphics\PrimitiveRenderer.cpp">
      <Filter>Source\Graphics</Filter>
    </ClCompile>
    <ClCompile Include="Source\Shader\Skybox.cpp">
      <Filter>Source\Shader</Filter>
    </ClCompile>
    <ClCompile Include="Source\Shader\WaterSurfaceShader.cpp">
      <Filter>Source\Shader</Filter>
    </ClCompile>
    <ClCompile Include="Source\Shader\ShadowMap.cpp">
      <Filter>Source\Shader</Filter>
    </ClCompile>
    <ClCompile Include="Source\Light\Light.cpp">
      <Filter>Source\Object\Light</Filter>
    </ClCompile>
    <ClCompile Include="Source\Light\LightManager.cpp">
      <Filter>Source\Object\Light</Filter>
    </ClCompile>
    <ClCompile Include="Source\Character\Manager\PlayerManager.cpp">
      <Filter>Source\Object\Character\Manager</Filter>
    </ClCompile>
    <ClCompile Include="Source\Character\Manager\EnemyManager.cpp">
      <Filter>Source\Object\Character\Manager</Filter>
    </ClCompile>
    <ClCompile Include="Source\Character\Core\Character.cpp">
      <Filter>Source\Object\Character\Core</Filter>
    </ClCompile>
    <ClCompile Include="Source\Character\Core\Enemy.cpp">
      <Filter>Source\Object\Character\Core</Filter>
    </ClCompile>
    <ClCompile Include="Source\Character\Core\Player.cpp">
      <Filter>Source\Object\Character\Core</Filter>
    </ClCompile>
    <ClCompile Include="Source\Character\State\Player\PlayerEachState.cpp">
      <Filter>Source\Object\Character\State\Player</Filter>
    </ClCompile>
    <ClCompile Include="Source\Character\State\Player\PlayerStateMachine.cpp">
      <Filter>Source\Object\Character\State\Player</Filter>
    </ClCompile>
    <ClCompile Include="Source\Character\EnemyDragon.cpp">
      <Filter>Source\Object\Character\Enemy</Filter>
    </ClCompile>
    <ClCompile Include="Source\Character\EnemySlime.cpp">
      <Filter>Source\Object\Character\Enemy</Filter>
    </ClCompile>
    <ClCompile Include="Source\Character\EnemyTurtleShell.cpp">
      <Filter>Source\Object\Character\Enemy</Filter>
    </ClCompile>
    <ClCompile Include="Source\Character\Player1P.cpp">
      <Filter>Source\Object\Character\Player</Filter>
    </ClCompile>
    <ClCompile Include="Source\Character\PlayerAI.cpp">
      <Filter>Source\Object\Character\Player</Filter>
    </ClCompile>
    <ClCompile Include="Source\Character\Core\EnemyBoss.cpp">
      <Filter>Source\Object\Character\Core</Filter>
    </ClCompile>
    <ClCompile Include="Source\Character\Core\EnemyNormal.cpp">
      <Filter>Source\Object\Character\Core</Filter>
    </ClCompile>
  </ItemGroup>
  <ItemGroup>
    <None Include="packages.config" />
    <None Include="Shader\FullScreenQuad.hlsli">
      <Filter>Shader\2D\PostEffect</Filter>
    </None>
    <None Include="Shader\Gizmos.hlsli">
      <Filter>Shader\3D\Gizmos</Filter>
    </None>
    <None Include="Shader\Phong.hlsli">
      <Filter>Shader\3D\Phong</Filter>
    </None>
    <None Include="Shader\Skybox.hlsli">
      <Filter>Shader\2D\Skybox</Filter>
    </None>
    <None Include="Shader\UVScroll.hlsli">
      <Filter>Shader\2D\UVScroll</Filter>
    </None>
    <None Include="Shader\PostEffect.hlsli">
      <Filter>Shader\2D\PostEffect</Filter>
    </None>
    <None Include="Shader\PrimitiveRenderer.hlsli">
      <Filter>Shader\2D\PrimitiveRenderer</Filter>
    </None>
    <None Include="Shader\Sprite.hlsli">
      <Filter>Shader\2D\Sprite</Filter>
    </None>
    <None Include="Shader\Toon.hlsli">
      <Filter>Shader\3D\Toon</Filter>
    </None>
    <None Include="Shader\Skinning.hlsli">
      <Filter>Shader\3D\ShadowMap</Filter>
    </None>
    <None Include="Shader\WaterSurface.hlsli">
      <Filter>Shader\3D\WaterSurface</Filter>
    </None>
  </ItemGroup>
  <ItemGroup>
    <FxCompile Include="Shader\FullScreenQuadVS.hlsl">
      <Filter>Shader\2D\PostEffect</Filter>
    </FxCompile>
    <FxCompile Include="Shader\GizmosPS.hlsl">
      <Filter>Shader\3D\Gizmos</Filter>
    </FxCompile>
    <FxCompile Include="Shader\GizmosVS.hlsl">
      <Filter>Shader\3D\Gizmos</Filter>
    </FxCompile>
    <FxCompile Include="Shader\LuminanceExtractionPS.hlsl">
      <Filter>Shader\2D\PostEffect</Filter>
    </FxCompile>
    <FxCompile Include="Shader\BloomPS.hlsl">
      <Filter>Shader\2D\PostEffect</Filter>
    </FxCompile>
    <FxCompile Include="Shader\PhongPS.hlsl">
      <Filter>Shader\3D\Phong</Filter>
    </FxCompile>
    <FxCompile Include="Shader\PhongVS.hlsl">
      <Filter>Shader\3D\Phong</Filter>
    </FxCompile>
    <FxCompile Include="Shader\SkyboxPS.hlsl">
      <Filter>Shader\2D\Skybox</Filter>
    </FxCompile>
    <FxCompile Include="Shader\SkyboxVS.hlsl">
      <Filter>Shader\2D\Skybox</Filter>
    </FxCompile>
    <FxCompile Include="Shader\UVScrollPS.hlsl">
      <Filter>Shader\2D\UVScroll</Filter>
    </FxCompile>
    <FxCompile Include="Shader\UVScrollVS.hlsl">
      <Filter>Shader\2D\UVScroll</Filter>
    </FxCompile>
    <FxCompile Include="Shader\PrimitiveRendererPS.hlsl">
      <Filter>Shader\2D\PrimitiveRenderer</Filter>
    </FxCompile>
    <FxCompile Include="Shader\PrimitiveRendererVS.hlsl">
      <Filter>Shader\2D\PrimitiveRenderer</Filter>
    </FxCompile>
    <FxCompile Include="Shader\SpritePS.hlsl">
      <Filter>Shader\2D\Sprite</Filter>
    </FxCompile>
    <FxCompile Include="Shader\SpriteVS.hlsl">
      <Filter>Shader\2D\Sprite</Filter>
    </FxCompile>
    <FxCompile Include="Shader\ToonPS.hlsl">
      <Filter>Shader\3D\Toon</Filter>
    </FxCompile>
    <FxCompile Include="Shader\ToonVS.hlsl">
      <Filter>Shader\3D\Toon</Filter>
    </FxCompile>
    <FxCompile Include="Shader\ShadowMapVS.hlsl">
      <Filter>Shader\3D\ShadowMap</Filter>
    </FxCompile>
    <FxCompile Include="Shader\WaterSurfacePS.hlsl">
      <Filter>Shader\3D\WaterSurface</Filter>
    </FxCompile>
    <FxCompile Include="Shader\WaterSurfaceVS.hlsl">
      <Filter>Shader\3D\WaterSurface</Filter>
    </FxCompile>
  </ItemGroup>
</Project>